
Microsoft Visual Studio Solution File, Format Version 12.00
# Visual Studio 15
Project("{FAE04EC0-301F-11D3-BF4B-00C04F79EFBC}") = "ExchangeChallenge.Api", "src\ExchangeChallenge.Api\ExchangeChallenge.Api.csproj", "{BBBD462E-2901-498C-9B5C-90785D00145F}"
EndProject
Project("{FAE04EC0-301F-11D3-BF4B-00C04F79EFBC}") = "ExchangeChallenge.Domain", "src\ExchangeChallenge.Domain\ExchangeChallenge.Domain.csproj", "{61AE1093-900B-49A1-8C29-EE7CD08DEC3F}"
EndProject
Project("{FAE04EC0-301F-11D3-BF4B-00C04F79EFBC}") = "ExchangeChallenge.Data", "src\ExchangeChallenge.Data\ExchangeChallenge.Data.csproj", "{52E3B501-DBAC-4CC1-8118-F3A7625583E6}"
EndProject
Project("{FAE04EC0-301F-11D3-BF4B-00C04F79EFBC}") = "ExchangeChallenge.Infra", "src\ExchangeChallenge.Infra\ExchangeChallenge.Infra.csproj", "{B9D59A2E-C7F1-474B-B22D-C81E7CDE7FAF}"
EndProject
Project("{2150E333-8FDC-42A3-9474-1A3956D46DE8}") = "src", "src", "{11630762-1C21-46A6-A35D-DAF32F419456}"
EndProject
Project("{2150E333-8FDC-42A3-9474-1A3956D46DE8}") = "test", "test", "{F495A640-4100-4087-B702-2C77B9322636}"
EndProject
Project("{FAE04EC0-301F-11D3-BF4B-00C04F79EFBC}") = "ExchangeChallenge.UnitTest", "test\ExchangeChallenge.UnitTest\ExchangeChallenge.UnitTest.csproj", "{CC0F54E4-D2F2-4CF9-BDD0-16E1D461C8C0}"
EndProject
Global
	GlobalSection(SolutionConfigurationPlatforms) = preSolution
		Debug|Any CPU = Debug|Any CPU
		Release|Any CPU = Release|Any CPU
	EndGlobalSection
	GlobalSection(ProjectConfigurationPlatforms) = postSolution
		{BBBD462E-2901-498C-9B5C-90785D00145F}.Debug|Any CPU.ActiveCfg = Debug|Any CPU
		{BBBD462E-2901-498C-9B5C-90785D00145F}.Debug|Any CPU.Build.0 = Debug|Any CPU
		{BBBD462E-2901-498C-9B5C-90785D00145F}.Release|Any CPU.ActiveCfg = Release|Any CPU
		{BBBD462E-2901-498C-9B5C-90785D00145F}.Release|Any CPU.Build.0 = Release|Any CPU
		{61AE1093-900B-49A1-8C29-EE7CD08DEC3F}.Debug|Any CPU.ActiveCfg = Debug|Any CPU
		{61AE1093-900B-49A1-8C29-EE7CD08DEC3F}.Debug|Any CPU.Build.0 = Debug|Any CPU
		{61AE1093-900B-49A1-8C29-EE7CD08DEC3F}.Release|Any CPU.ActiveCfg = Release|Any CPU
		{61AE1093-900B-49A1-8C29-EE7CD08DEC3F}.Release|Any CPU.Build.0 = Release|Any CPU
		{52E3B501-DBAC-4CC1-8118-F3A7625583E6}.Debug|Any CPU.ActiveCfg = Debug|Any CPU
		{52E3B501-DBAC-4CC1-8118-F3A7625583E6}.Debug|Any CPU.Build.0 = Debug|Any CPU
		{52E3B501-DBAC-4CC1-8118-F3A7625583E6}.Release|Any CPU.ActiveCfg = Release|Any CPU
		{52E3B501-DBAC-4CC1-8118-F3A7625583E6}.Release|Any CPU.Build.0 = Release|Any CPU
		{B9D59A2E-C7F1-474B-B22D-C81E7CDE7FAF}.Debug|Any CPU.ActiveCfg = Debug|Any CPU
		{B9D59A2E-C7F1-474B-B22D-C81E7CDE7FAF}.Debug|Any CPU.Build.0 = Debug|Any CPU
		{B9D59A2E-C7F1-474B-B22D-C81E7CDE7FAF}.Release|Any CPU.ActiveCfg = Release|Any CPU
		{B9D59A2E-C7F1-474B-B22D-C81E7CDE7FAF}.Release|Any CPU.Build.0 = Release|Any CPU
		{CC0F54E4-D2F2-4CF9-BDD0-16E1D461C8C0}.Debug|Any CPU.ActiveCfg = Debug|Any CPU
		{CC0F54E4-D2F2-4CF9-BDD0-16E1D461C8C0}.Debug|Any CPU.Build.0 = Debug|Any CPU
		{CC0F54E4-D2F2-4CF9-BDD0-16E1D461C8C0}.Release|Any CPU.ActiveCfg = Release|Any CPU
		{CC0F54E4-D2F2-4CF9-BDD0-16E1D461C8C0}.Release|Any CPU.Build.0 = Release|Any CPU
	EndGlobalSection
	GlobalSection(NestedProjects) = preSolution
		{BBBD462E-2901-498C-9B5C-90785D00145F} = {11630762-1C21-46A6-A35D-DAF32F419456}
		{52E3B501-DBAC-4CC1-8118-F3A7625583E6} = {11630762-1C21-46A6-A35D-DAF32F419456}
		{61AE1093-900B-49A1-8C29-EE7CD08DEC3F} = {11630762-1C21-46A6-A35D-DAF32F419456}
		{B9D59A2E-C7F1-474B-B22D-C81E7CDE7FAF} = {11630762-1C21-46A6-A35D-DAF32F419456}
		{CC0F54E4-D2F2-4CF9-BDD0-16E1D461C8C0} = {F495A640-4100-4087-B702-2C77B9322636}
	EndGlobalSection
EndGlobal
